
Microsoft Visual Studio Solution File, Format Version 12.00
Project("{FAE04EC0-301F-11D3-BF4B-00C04F79EFBC}") = "EventSourcing", "src\EventSourcing\EventSourcing.csproj", "{20E2B6D3-9494-4600-883D-D89865F49ADC}"
EndProject
Project("{FAE04EC0-301F-11D3-BF4B-00C04F79EFBC}") = "EventSourcing.Lib", "src\EventSourcing.Lib\EventSourcing.Lib.csproj", "{4C2BB013-64CD-4D36-BE8C-5C9D4565A135}"
EndProject
Project("{FAE04EC0-301F-11D3-BF4B-00C04F79EFBC}") = "EventSourcing.Domain", "src\EventSourcing.Domain\EventSourcing.Domain.csproj", "{27CAAC5A-7361-413C-97D5-ABF5F430F017}"
EndProject
Global
	GlobalSection(SolutionConfigurationPlatforms) = preSolution
		Debug|Any CPU = Debug|Any CPU
		Release|Any CPU = Release|Any CPU
	EndGlobalSection
	GlobalSection(ProjectConfigurationPlatforms) = postSolution
		{20E2B6D3-9494-4600-883D-D89865F49ADC}.Debug|Any CPU.ActiveCfg = Debug|Any CPU
		{20E2B6D3-9494-4600-883D-D89865F49ADC}.Debug|Any CPU.Build.0 = Debug|Any CPU
		{20E2B6D3-9494-4600-883D-D89865F49ADC}.Release|Any CPU.ActiveCfg = Release|Any CPU
		{20E2B6D3-9494-4600-883D-D89865F49ADC}.Release|Any CPU.Build.0 = Release|Any CPU
		{4C2BB013-64CD-4D36-BE8C-5C9D4565A135}.Debug|Any CPU.ActiveCfg = Debug|Any CPU
		{4C2BB013-64CD-4D36-BE8C-5C9D4565A135}.Debug|Any CPU.Build.0 = Debug|Any CPU
		{4C2BB013-64CD-4D36-BE8C-5C9D4565A135}.Release|Any CPU.ActiveCfg = Release|Any CPU
		{4C2BB013-64CD-4D36-BE8C-5C9D4565A135}.Release|Any CPU.Build.0 = Release|Any CPU
		{27CAAC5A-7361-413C-97D5-ABF5F430F017}.Debug|Any CPU.ActiveCfg = Debug|Any CPU
		{27CAAC5A-7361-413C-97D5-ABF5F430F017}.Debug|Any CPU.Build.0 = Debug|Any CPU
		{27CAAC5A-7361-413C-97D5-ABF5F430F017}.Release|Any CPU.ActiveCfg = Release|Any CPU
		{27CAAC5A-7361-413C-97D5-ABF5F430F017}.Release|Any CPU.Build.0 = Release|Any CPU
	EndGlobalSection
EndGlobal
